
Microsoft Visual Studio Solution File, Format Version 12.00
# Visual Studio Version 17
VisualStudioVersion = 17.8.34525.116
MinimumVisualStudioVersion = 10.0.40219.1
Project("{8BC9CEB8-8B4A-11D0-8D11-00A0C91BC942}") = "Calin_Nicolae-Vladut_ActivitateSD2025", "Calin_Nicolae-Vladut_ActivitateSD2025.vcxproj", "{9FE4991D-EC06-41EB-8412-E00FCA71CC2A}"
EndProject
Global
	GlobalSection(SolutionConfigurationPlatforms) = preSolution
		Debug|x64 = Debug|x64
		Debug|x86 = Debug|x86
		Release|x64 = Release|x64
		Release|x86 = Release|x86
	EndGlobalSection
	GlobalSection(ProjectConfigurationPlatforms) = postSolution
		{9FE4991D-EC06-41EB-8412-E00FCA71CC2A}.Debug|x64.ActiveCfg = Debug|x64
		{9FE4991D-EC06-41EB-8412-E00FCA71CC2A}.Debug|x64.Build.0 = Debug|x64
		{9FE4991D-EC06-41EB-8412-E00FCA71CC2A}.Debug|x86.ActiveCfg = Debug|Win32
		{9FE4991D-EC06-41EB-8412-E00FCA71CC2A}.Debug|x86.Build.0 = Debug|Win32
		{9FE4991D-EC06-41EB-8412-E00FCA71CC2A}.Release|x64.ActiveCfg = Release|x64
		{9FE4991D-EC06-41EB-8412-E00FCA71CC2A}.Release|x64.Build.0 = Release|x64
		{9FE4991D-EC06-41EB-8412-E00FCA71CC2A}.Release|x86.ActiveCfg = Release|Win32
		{9FE4991D-EC06-41EB-8412-E00FCA71CC2A}.Release|x86.Build.0 = Release|Win32
	EndGlobalSection
	GlobalSection(SolutionProperties) = preSolution
		HideSolutionNode = FALSE
	EndGlobalSection
	GlobalSection(ExtensibilityGlobals) = postSolution
		SolutionGuid = {FADE581E-6011-428C-9430-67E59E337538}
	EndGlobalSection
EndGlobal
